
Microsoft Visual Studio Solution File, Format Version 12.00
# Visual Studio 14
VisualStudioVersion = 14.0.23107.0
MinimumVisualStudioVersion = 10.0.40219.1
Project("{FAE04EC0-301F-11D3-BF4B-00C04F79EFBC}") = "Week4-Day3", "Week4-Day3\Week4-Day3.csproj", "{EBA9546D-C2A3-4F93-AE47-510F4CBE2A97}"
EndProject
Global
	GlobalSection(SolutionConfigurationPlatforms) = preSolution
		Debug|Any CPU = Debug|Any CPU
		Release|Any CPU = Release|Any CPU
	EndGlobalSection
	GlobalSection(ProjectConfigurationPlatforms) = postSolution
		{EBA9546D-C2A3-4F93-AE47-510F4CBE2A97}.Debug|Any CPU.ActiveCfg = Debug|Any CPU
		{EBA9546D-C2A3-4F93-AE47-510F4CBE2A97}.Debug|Any CPU.Build.0 = Debug|Any CPU
		{EBA9546D-C2A3-4F93-AE47-510F4CBE2A97}.Release|Any CPU.ActiveCfg = Release|Any CPU
		{EBA9546D-C2A3-4F93-AE47-510F4CBE2A97}.Release|Any CPU.Build.0 = Release|Any CPU
	EndGlobalSection
	GlobalSection(SolutionProperties) = preSolution
		HideSolutionNode = FALSE
	EndGlobalSection
EndGlobal
